{
  "socketPath": "/tmp/mcp-5oYXLa/mcp.sock",
  "scheme": "unix",
  "headers": {
    "Authorization": "Nonce 183b5871-8c28-4381-b936-f2d9900e9c1b"
  },
  "pid": 50162,
  "ideName": "Visual Studio Code",
  "timestamp": 1773633160084,
  "workspaceFolders": [
    "/home/vagrant"
  ],
  "isTrusted": true
}